# THIS IS AN AUTOGENERATED FILE. DO NOT EDIT THIS FILE DIRECTLY.
# yarn lockfile v1


"axios@^0.21.1":
  "integrity" "sha512-dKQiRHxGD9PPRIUNIWvZhPTPpl1rf/OxTYKsqKUDjBwYylTvV7SjSHJb9ratfyzM6wCdLCOYLzs73qpg5c4iGA=="
  "resolved" "https://registry.npmjs.org/axios/-/axios-0.21.1.tgz"
  "version" "0.21.1"
  dependencies:
    "follow-redirects" "^1.10.0"

"crypto-js@^4.0.0":
  "integrity" "sha512-bzHZN8Pn+gS7DQA6n+iUmBfl0hO5DJq++QP3U6uTucDtk/0iGpXd/Gg7CGR0p8tJhofJyaKoWBuJI4eAO00BBg=="
  "resolved" "https://registry.npmjs.org/crypto-js/-/crypto-js-4.0.0.tgz"
  "version" "4.0.0"

"dotenv@^16.3.1":
  "integrity" "sha512-IPzF4w4/Rd94bA9imS68tZBaYyBWSCE47V1RGuMrB94iyTOIEwRmVL2x/4An+6mETpLrKJ5hQkB8W4kFAadeIQ=="
  "resolved" "https://registry.npmjs.org/dotenv/-/dotenv-16.3.1.tgz"
  "version" "16.3.1"

"follow-redirects@^1.10.0":
  "integrity" "sha512-SSG5xmZh1mkPGyKzjZP8zLjltIfpW32Y5QpdNJyjcfGxK3qo3NDDkZOZSFiGn1A6SclQxY9GzEwAHQ3dmYRWpg=="
  "resolved" "https://registry.npmjs.org/follow-redirects/-/follow-redirects-1.13.1.tgz"
  "version" "1.13.1"

"jwt-encode@^1.0.1":
  "integrity" "sha512-QrGiNhynbAYyFdbC1GbjborzenSFs5Ga+2nE0uBokGXsH11xrgd1AX55HR7P+wGQyyZOn6LUO5iKlh74dlhBkA=="
  "resolved" "https://registry.npmjs.org/jwt-encode/-/jwt-encode-1.0.1.tgz"
  "version" "1.0.1"
  dependencies:
    "ts.cryptojs256" "^1.0.1"

"ts.cryptojs256@^1.0.1":
  "integrity" "sha1-VqPTo7wCKtNYs+Ys2NrjIk2ThPE="
  "resolved" "https://registry.npmjs.org/ts.cryptojs256/-/ts.cryptojs256-1.0.1.tgz"
  "version" "1.0.1"
