# THIS IS AN AUTOGENERATED FILE. DO NOT EDIT THIS FILE DIRECTLY.
# yarn lockfile v1


axios@^0.21.1:
  version "0.21.4"
  resolved "https://registry.yarnpkg.com/axios/-/axios-0.21.4.tgz#c67b90dc0568e5c1cf2b0b858c43ba28e2eda575"
  integrity sha512-ut5vewkiu8jjGBdqpM44XxjuCjq9LAKeHVmoVfHVzy8eHgxxq8SbAVQNovDA8mVi05kP0Ea/n/UzcSHcTJQfNg==
  dependencies:
    follow-redirects "^1.14.0"

crypto-js@^4.0.0:
  version "4.1.1"
  resolved "https://registry.yarnpkg.com/crypto-js/-/crypto-js-4.1.1.tgz#9e485bcf03521041bd85844786b83fb7619736cf"
  integrity sha512-o2JlM7ydqd3Qk9CA0L4NL6mTzU2sdx96a+oOfPu8Mkl/PK51vSyoi8/rQ8NknZtk44vq15lmhAj9CIAGwgeWKw==

dotenv@^16.3.1:
  version "16.3.1"
  resolved "https://registry.yarnpkg.com/dotenv/-/dotenv-16.3.1.tgz#369034de7d7e5b120972693352a3bf112172cc3e"
  integrity sha512-IPzF4w4/Rd94bA9imS68tZBaYyBWSCE47V1RGuMrB94iyTOIEwRmVL2x/4An+6mETpLrKJ5hQkB8W4kFAadeIQ==

follow-redirects@^1.14.0:
  version "1.15.2"
  resolved "https://registry.yarnpkg.com/follow-redirects/-/follow-redirects-1.15.2.tgz#b460864144ba63f2681096f274c4e57026da2c13"
  integrity sha512-VQLG33o04KaQ8uYi2tVNbdrWp1QWxNNea+nmIB4EVM28v0hmP17z7aG1+wAkNzVq4KeXTq3221ye5qTJP91JwA==

jwt-encode@^1.0.1:
  version "1.0.1"
  resolved "https://registry.yarnpkg.com/jwt-encode/-/jwt-encode-1.0.1.tgz#6602a0475f757c7d5d559a7e923f3d3d5ecd938c"
  integrity sha512-QrGiNhynbAYyFdbC1GbjborzenSFs5Ga+2nE0uBokGXsH11xrgd1AX55HR7P+wGQyyZOn6LUO5iKlh74dlhBkA==
  dependencies:
    ts.cryptojs256 "^1.0.1"

ts.cryptojs256@^1.0.1:
  version "1.0.1"
  resolved "https://registry.yarnpkg.com/ts.cryptojs256/-/ts.cryptojs256-1.0.1.tgz#56a3d3a3bc022ad358b3e62cd8dae3224d9384f1"
  integrity sha512-9XtEgRVOZBCdpPcCEhfvv9I2AVXdvfI81I/KpFM0wEfbq5JVHlXH7bfIjGQmYrIHGiBEHKsIaStQ87k926J7dA==
